# Runtime dependency lock - consumed exactly as documented below; do not hand-edit.
#
# Q222 (2026-09-27): pyproject declares open lower bounds only, so CI and the Docker
# image each resolved their own versions - 12 of 58 packages differed between the
# runner and every rehearsal environment (SQLAlchemy 2.0.52 vs 2.1.1, Starlette 1.6.0
# vs 1.7.0, uvicorn 0.52.4 vs 0.54.0). These files make gate, image and dev venv agree.
#
# Provenance: resolved with uv from backend/pyproject.toml, constrained to the versions
# frozen from backend/.venv on 2026-09-27 (CPython 3.12.13), i.e. the set the suite and
# all deployment rehearsals actually ran. Zero dev tooling in the runtime lock.
#
# Regenerate (then re-run the full gates and record the upgrade in docs/02):
#   grep -v '^#' requirements.lock requirements-dev.lock | grep '==' | sort -u > /tmp/c.txt
#   uv pip compile pyproject.toml --python-version 3.12 --constraint /tmp/c.txt -o /tmp/out.runtime.txt
#   uv pip compile pyproject.toml --extra dev --python-version 3.12 --constraint /tmp/c.txt -o requirements-dev.lock
# ---------------------------------------------------------------------------
# This file was autogenerated by uv via the following command:
#    uv pip compile pyproject.toml --python-version 3.12 --constraint /tmp/constraints.txt -o /tmp/lock.runtime.txt
alembic==1.20.0
    # via
    #   -c /tmp/constraints.txt
    #   loom-backend (pyproject.toml)
annotated-doc==0.0.5
    # via
    #   -c /tmp/constraints.txt
    #   fastapi
annotated-types==0.8.0
    # via
    #   -c /tmp/constraints.txt
    #   pydantic
anyio==4.15.1
    # via
    #   -c /tmp/constraints.txt
    #   httpx
    #   starlette
    #   watchfiles
asyncpg==0.31.0
    # via
    #   -c /tmp/constraints.txt
    #   loom-backend (pyproject.toml)
boto3==1.43.93
    # via
    #   -c /tmp/constraints.txt
    #   loom-backend (pyproject.toml)
botocore==1.43.93
    # via
    #   -c /tmp/constraints.txt
    #   boto3
    #   s3transfer
certifi==2026.7.22
    # via
    #   -c /tmp/constraints.txt
    #   httpcore
    #   httpx
cffi==2.1.1
    # via
    #   -c /tmp/constraints.txt
    #   cryptography
click==8.5.0
    # via
    #   -c /tmp/constraints.txt
    #   uvicorn
cryptography==50.0.1
    # via
    #   -c /tmp/constraints.txt
    #   loom-backend (pyproject.toml)
et-xmlfile==2.0.0
    # via
    #   -c /tmp/constraints.txt
    #   openpyxl
fastapi==0.141.1
    # via
    #   -c /tmp/constraints.txt
    #   loom-backend (pyproject.toml)
greenlet==3.5.5
    # via
    #   -c /tmp/constraints.txt
    #   sqlalchemy
h11==0.16.0
    # via
    #   -c /tmp/constraints.txt
    #   httpcore
    #   uvicorn
httpcore==1.0.9
    # via
    #   -c /tmp/constraints.txt
    #   httpx
httptools==0.8.0
    # via
    #   -c /tmp/constraints.txt
    #   uvicorn
httpx==0.28.1
    # via
    #   -c /tmp/constraints.txt
    #   loom-backend (pyproject.toml)
idna==3.19
    # via
    #   -c /tmp/constraints.txt
    #   anyio
    #   httpx
jmespath==1.1.0
    # via
    #   -c /tmp/constraints.txt
    #   boto3
    #   botocore
mako==1.4.1
    # via
    #   -c /tmp/constraints.txt
    #   alembic
markupsafe==3.0.3
    # via
    #   -c /tmp/constraints.txt
    #   mako
openpyxl==3.1.5
    # via
    #   -c /tmp/constraints.txt
    #   loom-backend (pyproject.toml)
pgvector==0.5.0
    # via
    #   -c /tmp/constraints.txt
    #   loom-backend (pyproject.toml)
pycparser==3.0
    # via
    #   -c /tmp/constraints.txt
    #   cffi
pydantic==2.13.5
    # via
    #   -c /tmp/constraints.txt
    #   loom-backend (pyproject.toml)
    #   fastapi
    #   pydantic-settings
pydantic-core==2.46.5
    # via
    #   -c /tmp/constraints.txt
    #   pydantic
pydantic-settings==2.15.0
    # via
    #   -c /tmp/constraints.txt
    #   loom-backend (pyproject.toml)
python-dateutil==2.9.0.post0
    # via
    #   -c /tmp/constraints.txt
    #   botocore
python-dotenv==1.2.3
    # via
    #   -c /tmp/constraints.txt
    #   pydantic-settings
    #   uvicorn
pyyaml==6.0.3
    # via
    #   -c /tmp/constraints.txt
    #   loom-backend (pyproject.toml)
    #   uvicorn
redis==8.1.0
    # via
    #   -c /tmp/constraints.txt
    #   loom-backend (pyproject.toml)
s3transfer==0.19.2
    # via
    #   -c /tmp/constraints.txt
    #   boto3
six==1.17.0
    # via
    #   -c /tmp/constraints.txt
    #   python-dateutil
sqlalchemy==2.0.52
    # via
    #   -c /tmp/constraints.txt
    #   loom-backend (pyproject.toml)
    #   alembic
starlette==1.6.0
    # via
    #   -c /tmp/constraints.txt
    #   fastapi
typing-extensions==4.16.0
    # via
    #   -c /tmp/constraints.txt
    #   alembic
    #   anyio
    #   fastapi
    #   pydantic
    #   pydantic-core
    #   sqlalchemy
    #   starlette
    #   typing-inspection
typing-inspection==0.4.4
    # via
    #   -c /tmp/constraints.txt
    #   fastapi
    #   pydantic
    #   pydantic-settings
urllib3==2.7.0
    # via
    #   -c /tmp/constraints.txt
    #   botocore
uvicorn==0.52.4
    # via
    #   -c /tmp/constraints.txt
    #   loom-backend (pyproject.toml)
uvloop==0.22.1
    # via
    #   -c /tmp/constraints.txt
    #   uvicorn
watchfiles==1.2.0
    # via
    #   -c /tmp/constraints.txt
    #   uvicorn
websockets==17.1
    # via
    #   -c /tmp/constraints.txt
    #   uvicorn
